
Microsoft Visual Studio Solution File, Format Version 12.00
# Visual Studio 15
VisualStudioVersion = 15.0.28307.329
MinimumVisualStudioVersion = 10.0.40219.1
Project("{FAE04EC0-301F-11D3-BF4B-00C04F79EFBC}") = "TV_Event", "TV_Event\TV_Event\TV_Event.csproj", "{896A8DAF-4B2B-4A88-BFA9-053C380B8E5B}"
EndProject
Project("{FAE04EC0-301F-11D3-BF4B-00C04F79EFBC}") = "TV_Event.Tizen", "TV_Event\TV_Event.Tizen\TV_Event.Tizen.csproj", "{903E3AB3-9C6E-4841-895B-753ABFCD5946}"
EndProject
Global
	GlobalSection(SolutionConfigurationPlatforms) = preSolution
		Debug|Any CPU = Debug|Any CPU
		Release|Any CPU = Release|Any CPU
	EndGlobalSection
	GlobalSection(ProjectConfigurationPlatforms) = postSolution
		{896A8DAF-4B2B-4A88-BFA9-053C380B8E5B}.Debug|Any CPU.ActiveCfg = Debug|Any CPU
		{896A8DAF-4B2B-4A88-BFA9-053C380B8E5B}.Debug|Any CPU.Build.0 = Debug|Any CPU
		{896A8DAF-4B2B-4A88-BFA9-053C380B8E5B}.Release|Any CPU.ActiveCfg = Release|Any CPU
		{896A8DAF-4B2B-4A88-BFA9-053C380B8E5B}.Release|Any CPU.Build.0 = Release|Any CPU
		{903E3AB3-9C6E-4841-895B-753ABFCD5946}.Debug|Any CPU.ActiveCfg = Debug|Any CPU
		{903E3AB3-9C6E-4841-895B-753ABFCD5946}.Debug|Any CPU.Build.0 = Debug|Any CPU
		{903E3AB3-9C6E-4841-895B-753ABFCD5946}.Release|Any CPU.ActiveCfg = Release|Any CPU
		{903E3AB3-9C6E-4841-895B-753ABFCD5946}.Release|Any CPU.Build.0 = Release|Any CPU
	EndGlobalSection
	GlobalSection(SolutionProperties) = preSolution
		HideSolutionNode = FALSE
	EndGlobalSection
	GlobalSection(ExtensibilityGlobals) = postSolution
		SolutionGuid = {3FE22920-1C92-411C-B36D-BB030D8FC422}
	EndGlobalSection
EndGlobal
