
Microsoft Visual Studio Solution File, Format Version 12.00
# Visual Studio 15
VisualStudioVersion = 15.0.28307.329
MinimumVisualStudioVersion = 10.0.40219.1
Project("{FAE04EC0-301F-11D3-BF4B-00C04F79EFBC}") = "TV_animation", "TV_animation\TV_animation\TV_animation.csproj", "{5679E4FB-7D82-4FDF-BAE4-1FF1580A7CE0}"
EndProject
Project("{FAE04EC0-301F-11D3-BF4B-00C04F79EFBC}") = "TV_animation.Tizen", "TV_animation\TV_animation.Tizen\TV_animation.Tizen.csproj", "{5A346088-85DB-4185-9F96-C50C841B8C84}"
EndProject
Global
	GlobalSection(SolutionConfigurationPlatforms) = preSolution
		Debug|Any CPU = Debug|Any CPU
		Release|Any CPU = Release|Any CPU
	EndGlobalSection
	GlobalSection(ProjectConfigurationPlatforms) = postSolution
		{5679E4FB-7D82-4FDF-BAE4-1FF1580A7CE0}.Debug|Any CPU.ActiveCfg = Debug|Any CPU
		{5679E4FB-7D82-4FDF-BAE4-1FF1580A7CE0}.Debug|Any CPU.Build.0 = Debug|Any CPU
		{5679E4FB-7D82-4FDF-BAE4-1FF1580A7CE0}.Release|Any CPU.ActiveCfg = Release|Any CPU
		{5679E4FB-7D82-4FDF-BAE4-1FF1580A7CE0}.Release|Any CPU.Build.0 = Release|Any CPU
		{5A346088-85DB-4185-9F96-C50C841B8C84}.Debug|Any CPU.ActiveCfg = Debug|Any CPU
		{5A346088-85DB-4185-9F96-C50C841B8C84}.Debug|Any CPU.Build.0 = Debug|Any CPU
		{5A346088-85DB-4185-9F96-C50C841B8C84}.Release|Any CPU.ActiveCfg = Release|Any CPU
		{5A346088-85DB-4185-9F96-C50C841B8C84}.Release|Any CPU.Build.0 = Release|Any CPU
	EndGlobalSection
	GlobalSection(SolutionProperties) = preSolution
		HideSolutionNode = FALSE
	EndGlobalSection
	GlobalSection(ExtensibilityGlobals) = postSolution
		SolutionGuid = {820DD2D8-9727-4944-8D61-4ADFED1FE92F}
	EndGlobalSection
EndGlobal
