
Microsoft Visual Studio Solution File, Format Version 12.00
# Visual Studio 15
VisualStudioVersion = 15.0.28307.329
MinimumVisualStudioVersion = 10.0.40219.1
Project("{FAE04EC0-301F-11D3-BF4B-00C04F79EFBC}") = "Button_color_change", "Button_color_change\Button_color_change.csproj", "{546E55FC-73AA-4EF4-9F7B-3304E7F15DEB}"
EndProject
Global
	GlobalSection(SolutionConfigurationPlatforms) = preSolution
		Debug|Any CPU = Debug|Any CPU
		Release|Any CPU = Release|Any CPU
	EndGlobalSection
	GlobalSection(ProjectConfigurationPlatforms) = postSolution
		{546E55FC-73AA-4EF4-9F7B-3304E7F15DEB}.Debug|Any CPU.ActiveCfg = Debug|Any CPU
		{546E55FC-73AA-4EF4-9F7B-3304E7F15DEB}.Debug|Any CPU.Build.0 = Debug|Any CPU
		{546E55FC-73AA-4EF4-9F7B-3304E7F15DEB}.Release|Any CPU.ActiveCfg = Release|Any CPU
		{546E55FC-73AA-4EF4-9F7B-3304E7F15DEB}.Release|Any CPU.Build.0 = Release|Any CPU
	EndGlobalSection
	GlobalSection(SolutionProperties) = preSolution
		HideSolutionNode = FALSE
	EndGlobalSection
	GlobalSection(ExtensibilityGlobals) = postSolution
		SolutionGuid = {3A5C21AE-B798-47D3-B240-AD82FB80EFF5}
	EndGlobalSection
EndGlobal
